// !$*UTF8*$!
{
	archiveVersion = 1;
	classes = {
	};
	objectVersion = 51;
	objects = {

/* Begin PBXBuildFile section */
		805EB6952699EB1D001CB66E /* AppDelegate.swift in Sources */ = {isa = PBXBuildFile; fileRef = 805EB6942699EB1D001CB66E /* AppDelegate.swift */; };
		805EB69E2699EB1E001CB66E /* Assets.xcassets in Resources */ = {isa = PBXBuildFile; fileRef = 805EB69D2699EB1E001CB66E /* Assets.xcassets */; };
		80AD137E26A4444F000BBCB3 /* UITableViewCell+configureCommonLabels.swift in Sources */ = {isa = PBXBuildFile; fileRef = 80AD137D26A4444F000BBCB3 /* UITableViewCell+configureCommonLabels.swift */; };
		80AD138526A49EC2000BBCB3 /* FilterView.swift in Sources */ = {isa = PBXBuildFile; fileRef = 80AD138326A49EC2000BBCB3 /* FilterView.swift */; };
		80AD138626A49EC2000BBCB3 /* FilterView.xib in Resources */ = {isa = PBXBuildFile; fileRef = 80AD138426A49EC2000BBCB3 /* FilterView.xib */; };
		80AD138826A4A107000BBCB3 /* FilterPresentationController.swift in Sources */ = {isa = PBXBuildFile; fileRef = 80AD138726A4A107000BBCB3 /* FilterPresentationController.swift */; };
		80AD138A26A589F5000BBCB3 /* Subtask.swift in Sources */ = {isa = PBXBuildFile; fileRef = 80AD138926A589F5000BBCB3 /* Subtask.swift */; };
		80AD139026A59E8C000BBCB3 /* SubtaskTableViewCell.swift in Sources */ = {isa = PBXBuildFile; fileRef = 80AD138E26A59E8C000BBCB3 /* SubtaskTableViewCell.swift */; };
		80AD139126A59E8C000BBCB3 /* SubtaskTableViewCell.xib in Resources */ = {isa = PBXBuildFile; fileRef = 80AD138F26A59E8C000BBCB3 /* SubtaskTableViewCell.xib */; };
		80AD139326A5A4BC000BBCB3 /* CreateSubtaskViewController+tableView.swift in Sources */ = {isa = PBXBuildFile; fileRef = 80AD139226A5A4BC000BBCB3 /* CreateSubtaskViewController+tableView.swift */; };
		80AD139526A5B41E000BBCB3 /* TaskTableViewCell+tableView.swift in Sources */ = {isa = PBXBuildFile; fileRef = 80AD139426A5B41E000BBCB3 /* TaskTableViewCell+tableView.swift */; };
		80D8EA5D269C47DC003BAA18 /* CreateTaskViewController.swift in Sources */ = {isa = PBXBuildFile; fileRef = 80D8EA57269C47DC003BAA18 /* CreateTaskViewController.swift */; };
		80D8EA64269C4D84003BAA18 /* User.swift in Sources */ = {isa = PBXBuildFile; fileRef = 80D8EA63269C4D84003BAA18 /* User.swift */; };
		80D8EA6C269C6036003BAA18 /* AuthorizeUserWorker.swift in Sources */ = {isa = PBXBuildFile; fileRef = 80D8EA66269C6036003BAA18 /* AuthorizeUserWorker.swift */; };
		80D8EA6D269C6036003BAA18 /* AuthorizeUserRouter.swift in Sources */ = {isa = PBXBuildFile; fileRef = 80D8EA67269C6036003BAA18 /* AuthorizeUserRouter.swift */; };
		80D8EA6E269C6036003BAA18 /* AuthorizeUserModels.swift in Sources */ = {isa = PBXBuildFile; fileRef = 80D8EA68269C6036003BAA18 /* AuthorizeUserModels.swift */; };
		80D8EA6F269C6036003BAA18 /* AuthorizeUserViewController.swift in Sources */ = {isa = PBXBuildFile; fileRef = 80D8EA69269C6036003BAA18 /* AuthorizeUserViewController.swift */; };
		80D8EA70269C6036003BAA18 /* AuthorizeUserInteractor.swift in Sources */ = {isa = PBXBuildFile; fileRef = 80D8EA6A269C6036003BAA18 /* AuthorizeUserInteractor.swift */; };
		80D8EA72269C60B4003BAA18 /* AuthorizeUser.storyboard in Resources */ = {isa = PBXBuildFile; fileRef = 80D8EA71269C60B4003BAA18 /* AuthorizeUser.storyboard */; };
		80D8EA7E269CA854003BAA18 /* RegisterUserWorker.swift in Sources */ = {isa = PBXBuildFile; fileRef = 80D8EA78269CA854003BAA18 /* RegisterUserWorker.swift */; };
		80D8EA80269CA854003BAA18 /* RegisterUserModels.swift in Sources */ = {isa = PBXBuildFile; fileRef = 80D8EA7A269CA854003BAA18 /* RegisterUserModels.swift */; };
		80D8EA81269CA854003BAA18 /* RegisterUserViewController.swift in Sources */ = {isa = PBXBuildFile; fileRef = 80D8EA7B269CA854003BAA18 /* RegisterUserViewController.swift */; };
		80D8EA82269CA854003BAA18 /* RegisterUserInteractor.swift in Sources */ = {isa = PBXBuildFile; fileRef = 80D8EA7C269CA854003BAA18 /* RegisterUserInteractor.swift */; };
		80D8EA84269CA88F003BAA18 /* RegisterUser.storyboard in Resources */ = {isa = PBXBuildFile; fileRef = 80D8EA83269CA88F003BAA18 /* RegisterUser.storyboard */; };
		80D8EA87269CDBAA003BAA18 /* ViewTasks.storyboard in Resources */ = {isa = PBXBuildFile; fileRef = 80D8EA86269CDBAA003BAA18 /* ViewTasks.storyboard */; };
		80D8EA8A269CDCC1003BAA18 /* API.swift in Sources */ = {isa = PBXBuildFile; fileRef = 80D8EA89269CDCC1003BAA18 /* API.swift */; };
		80D8EA8C269CDD88003BAA18 /* UserResponse.swift in Sources */ = {isa = PBXBuildFile; fileRef = 80D8EA8B269CDD88003BAA18 /* UserResponse.swift */; };
		80D8EA8E269CDDFE003BAA18 /* AuthService.swift in Sources */ = {isa = PBXBuildFile; fileRef = 80D8EA8D269CDDFE003BAA18 /* AuthService.swift */; };
		80D8EA90269CDEC0003BAA18 /* NetworkService.swift in Sources */ = {isa = PBXBuildFile; fileRef = 80D8EA8F269CDEC0003BAA18 /* NetworkService.swift */; };
		80D8EA92269CDF1F003BAA18 /* NetworkDataFetcher.swift in Sources */ = {isa = PBXBuildFile; fileRef = 80D8EA91269CDF1F003BAA18 /* NetworkDataFetcher.swift */; };
		80D8EA94269CE070003BAA18 /* MainService.swift in Sources */ = {isa = PBXBuildFile; fileRef = 80D8EA93269CE070003BAA18 /* MainService.swift */; };
		80D8EA97269CEB0E003BAA18 /* UIViewController+loadFromStoryboard.swift in Sources */ = {isa = PBXBuildFile; fileRef = 80D8EA96269CEB0E003BAA18 /* UIViewController+loadFromStoryboard.swift */; };
		80D8EAA0269CEBF2003BAA18 /* ViewTasksPresenter.swift in Sources */ = {isa = PBXBuildFile; fileRef = 80D8EA9A269CEBF2003BAA18 /* ViewTasksPresenter.swift */; };
		80D8EAA1269CEBF2003BAA18 /* ViewTasksWorker.swift in Sources */ = {isa = PBXBuildFile; fileRef = 80D8EA9B269CEBF2003BAA18 /* ViewTasksWorker.swift */; };
		80D8EAA3269CEBF2003BAA18 /* ViewTasksModels.swift in Sources */ = {isa = PBXBuildFile; fileRef = 80D8EA9D269CEBF2003BAA18 /* ViewTasksModels.swift */; };
		80D8EAA4269CEBF2003BAA18 /* ViewTasksViewController.swift in Sources */ = {isa = PBXBuildFile; fileRef = 80D8EA9E269CEBF2003BAA18 /* ViewTasksViewController.swift */; };
		80D8EAA5269CEBF2003BAA18 /* ViewTasksInteractor.swift in Sources */ = {isa = PBXBuildFile; fileRef = 80D8EA9F269CEBF2003BAA18 /* ViewTasksInteractor.swift */; };
		80D8EAA7269CEFD8003BAA18 /* String+subscript.swift in Sources */ = {isa = PBXBuildFile; fileRef = 80D8EAA6269CEFD8003BAA18 /* String+subscript.swift */; };
		80D8EAA926A0630E003BAA18 /* AuthorizePresentationController.swift in Sources */ = {isa = PBXBuildFile; fileRef = 80D8EAA826A0630E003BAA18 /* AuthorizePresentationController.swift */; };
		80D8EAAB26A06449003BAA18 /* AuthorizeView.xib in Resources */ = {isa = PBXBuildFile; fileRef = 80D8EAAA26A06449003BAA18 /* AuthorizeView.xib */; };
		80D8EAAD26A06558003BAA18 /* UIVIewController+createVkButton.swift in Sources */ = {isa = PBXBuildFile; fileRef = 80D8EAAC26A06558003BAA18 /* UIVIewController+createVkButton.swift */; };
		80D8EAB026A06768003BAA18 /* UIViewController+createCommonButton.swift in Sources */ = {isa = PBXBuildFile; fileRef = 80D8EAAF26A06768003BAA18 /* UIViewController+createCommonButton.swift */; };
		80D8EAB226A070DB003BAA18 /* AuthorizeView.swift in Sources */ = {isa = PBXBuildFile; fileRef = 80D8EAB126A070DB003BAA18 /* AuthorizeView.swift */; };
		80D8EAB526A07F47003BAA18 /* TitleView.swift in Sources */ = {isa = PBXBuildFile; fileRef = 80D8EAB426A07F47003BAA18 /* TitleView.swift */; };
		80D8EAB726A07FBB003BAA18 /* WebImageView.swift in Sources */ = {isa = PBXBuildFile; fileRef = 80D8EAB626A07FBB003BAA18 /* WebImageView.swift */; };
		80D8EABB26A08068003BAA18 /* UiView+constraints.swift in Sources */ = {isa = PBXBuildFile; fileRef = 80D8EABA26A08068003BAA18 /* UiView+constraints.swift */; };
		80D8EAC126A1AF09003BAA18 /* Task.swift in Sources */ = {isa = PBXBuildFile; fileRef = 80D8EAC026A1AF09003BAA18 /* Task.swift */; };
		80D8EAC326A1C901003BAA18 /* ViewTasksViewController+tableView.swift in Sources */ = {isa = PBXBuildFile; fileRef = 80D8EAC226A1C901003BAA18 /* ViewTasksViewController+tableView.swift */; };
		80D8EAC626A1C991003BAA18 /* TaskTableViewCell.swift in Sources */ = {isa = PBXBuildFile; fileRef = 80D8EAC426A1C991003BAA18 /* TaskTableViewCell.swift */; };
		80D8EAC726A1C991003BAA18 /* TaskTableViewCell.xib in Resources */ = {isa = PBXBuildFile; fileRef = 80D8EAC526A1C991003BAA18 /* TaskTableViewCell.xib */; };
		80D8EAC926A1D15A003BAA18 /* CreateTask.storyboard in Resources */ = {isa = PBXBuildFile; fileRef = 80D8EAC826A1D15A003BAA18 /* CreateTask.storyboard */; };
		80D8EACF26A34B0B003BAA18 /* UIViewController+NavigationBar.swift in Sources */ = {isa = PBXBuildFile; fileRef = 80D8EACE26A34B0B003BAA18 /* UIViewController+NavigationBar.swift */; };
		80D8EAD126A37319003BAA18 /* CreateTaskViewController+picker.swift in Sources */ = {isa = PBXBuildFile; fileRef = 80D8EAD026A37319003BAA18 /* CreateTaskViewController+picker.swift */; };
		FD6B6D56F55B4D412B335455 /* Pods_Task_Magician.framework in Frameworks */ = {isa = PBXBuildFile; fileRef = 35342C6F0B04FC3DE7DFA85B /* Pods_Task_Magician.framework */; };
/* End PBXBuildFile section */

/* Begin PBXFileReference section */
		35342C6F0B04FC3DE7DFA85B /* Pods_Task_Magician.framework */ = {isa = PBXFileReference; explicitFileType = wrapper.framework; includeInIndex = 0; path = Pods_Task_Magician.framework; sourceTree = BUILT_PRODUCTS_DIR; };
		56355EE69E4FD2945F5D4BC4 /* Pods-Task Magician.release.xcconfig */ = {isa = PBXFileReference; includeInIndex = 1; lastKnownFileType = text.xcconfig; name = "Pods-Task Magician.release.xcconfig"; path = "Target Support Files/Pods-Task Magician/Pods-Task Magician.release.xcconfig"; sourceTree = "<group>"; };
		805EB6912699EB1D001CB66E /* Task Magician.app */ = {isa = PBXFileReference; explicitFileType = wrapper.application; includeInIndex = 0; path = "Task Magician.app"; sourceTree = BUILT_PRODUCTS_DIR; };
		805EB6942699EB1D001CB66E /* AppDelegate.swift */ = {isa = PBXFileReference; lastKnownFileType = sourcecode.swift; path = AppDelegate.swift; sourceTree = "<group>"; };
		805EB69D2699EB1E001CB66E /* Assets.xcassets */ = {isa = PBXFileReference; lastKnownFileType = folder.assetcatalog; path = Assets.xcassets; sourceTree = "<group>"; };
		805EB6A22699EB1E001CB66E /* Info.plist */ = {isa = PBXFileReference; lastKnownFileType = text.plist.xml; path = Info.plist; sourceTree = "<group>"; };
		80AD137D26A4444F000BBCB3 /* UITableViewCell+configureCommonLabels.swift */ = {isa = PBXFileReference; lastKnownFileType = sourcecode.swift; path = "UITableViewCell+configureCommonLabels.swift"; sourceTree = "<group>"; };
		80AD138326A49EC2000BBCB3 /* FilterView.swift */ = {isa = PBXFileReference; lastKnownFileType = sourcecode.swift; path = FilterView.swift; sourceTree = "<group>"; };
		80AD138426A49EC2000BBCB3 /* FilterView.xib */ = {isa = PBXFileReference; lastKnownFileType = file.xib; path = FilterView.xib; sourceTree = "<group>"; };
		80AD138726A4A107000BBCB3 /* FilterPresentationController.swift */ = {isa = PBXFileReference; lastKnownFileType = sourcecode.swift; path = FilterPresentationController.swift; sourceTree = "<group>"; };
		80AD138926A589F5000BBCB3 /* Subtask.swift */ = {isa = PBXFileReference; lastKnownFileType = sourcecode.swift; path = Subtask.swift; sourceTree = "<group>"; };
		80AD138E26A59E8C000BBCB3 /* SubtaskTableViewCell.swift */ = {isa = PBXFileReference; lastKnownFileType = sourcecode.swift; path = SubtaskTableViewCell.swift; sourceTree = "<group>"; };
		80AD138F26A59E8C000BBCB3 /* SubtaskTableViewCell.xib */ = {isa = PBXFileReference; lastKnownFileType = file.xib; path = SubtaskTableViewCell.xib; sourceTree = "<group>"; };
		80AD139226A5A4BC000BBCB3 /* CreateSubtaskViewController+tableView.swift */ = {isa = PBXFileReference; lastKnownFileType = sourcecode.swift; path = "CreateSubtaskViewController+tableView.swift"; sourceTree = "<group>"; };
		80AD139426A5B41E000BBCB3 /* TaskTableViewCell+tableView.swift */ = {isa = PBXFileReference; lastKnownFileType = sourcecode.swift; path = "TaskTableViewCell+tableView.swift"; sourceTree = "<group>"; };
		80D8EA57269C47DC003BAA18 /* CreateTaskViewController.swift */ = {isa = PBXFileReference; lastKnownFileType = sourcecode.swift; path = CreateTaskViewController.swift; sourceTree = "<group>"; };
		80D8EA63269C4D84003BAA18 /* User.swift */ = {isa = PBXFileReference; lastKnownFileType = sourcecode.swift; path = User.swift; sourceTree = "<group>"; };
		80D8EA66269C6036003BAA18 /* AuthorizeUserWorker.swift */ = {isa = PBXFileReference; lastKnownFileType = sourcecode.swift; path = AuthorizeUserWorker.swift; sourceTree = "<group>"; };
		80D8EA67269C6036003BAA18 /* AuthorizeUserRouter.swift */ = {isa = PBXFileReference; lastKnownFileType = sourcecode.swift; path = AuthorizeUserRouter.swift; sourceTree = "<group>"; };
		80D8EA68269C6036003BAA18 /* AuthorizeUserModels.swift */ = {isa = PBXFileReference; lastKnownFileType = sourcecode.swift; path = AuthorizeUserModels.swift; sourceTree = "<group>"; };
		80D8EA69269C6036003BAA18 /* AuthorizeUserViewController.swift */ = {isa = PBXFileReference; lastKnownFileType = sourcecode.swift; path = AuthorizeUserViewController.swift; sourceTree = "<group>"; };
		80D8EA6A269C6036003BAA18 /* AuthorizeUserInteractor.swift */ = {isa = PBXFileReference; lastKnownFileType = sourcecode.swift; path = AuthorizeUserInteractor.swift; sourceTree = "<group>"; };
		80D8EA71269C60B4003BAA18 /* AuthorizeUser.storyboard */ = {isa = PBXFileReference; lastKnownFileType = file.storyboard; path = AuthorizeUser.storyboard; sourceTree = "<group>"; };
		80D8EA78269CA854003BAA18 /* RegisterUserWorker.swift */ = {isa = PBXFileReference; lastKnownFileType = sourcecode.swift; path = RegisterUserWorker.swift; sourceTree = "<group>"; };
		80D8EA7A269CA854003BAA18 /* RegisterUserModels.swift */ = {isa = PBXFileReference; lastKnownFileType = sourcecode.swift; path = RegisterUserModels.swift; sourceTree = "<group>"; };
		80D8EA7B269CA854003BAA18 /* RegisterUserViewController.swift */ = {isa = PBXFileReference; lastKnownFileType = sourcecode.swift; path = RegisterUserViewController.swift; sourceTree = "<group>"; };
		80D8EA7C269CA854003BAA18 /* RegisterUserInteractor.swift */ = {isa = PBXFileReference; lastKnownFileType = sourcecode.swift; path = RegisterUserInteractor.swift; sourceTree = "<group>"; };
		80D8EA83269CA88F003BAA18 /* RegisterUser.storyboard */ = {isa = PBXFileReference; lastKnownFileType = file.storyboard; path = RegisterUser.storyboard; sourceTree = "<group>"; };
		80D8EA86269CDBAA003BAA18 /* ViewTasks.storyboard */ = {isa = PBXFileReference; lastKnownFileType = file.storyboard; path = ViewTasks.storyboard; sourceTree = "<group>"; };
		80D8EA89269CDCC1003BAA18 /* API.swift */ = {isa = PBXFileReference; lastKnownFileType = sourcecode.swift; path = API.swift; sourceTree = "<group>"; };
		80D8EA8B269CDD88003BAA18 /* UserResponse.swift */ = {isa = PBXFileReference; lastKnownFileType = sourcecode.swift; path = UserResponse.swift; sourceTree = "<group>"; };
		80D8EA8D269CDDFE003BAA18 /* AuthService.swift */ = {isa = PBXFileReference; lastKnownFileType = sourcecode.swift; path = AuthService.swift; sourceTree = "<group>"; };
		80D8EA8F269CDEC0003BAA18 /* NetworkService.swift */ = {isa = PBXFileReference; lastKnownFileType = sourcecode.swift; path = NetworkService.swift; sourceTree = "<group>"; };
		80D8EA91269CDF1F003BAA18 /* NetworkDataFetcher.swift */ = {isa = PBXFileReference; lastKnownFileType = sourcecode.swift; path = NetworkDataFetcher.swift; sourceTree = "<group>"; };
		80D8EA93269CE070003BAA18 /* MainService.swift */ = {isa = PBXFileReference; lastKnownFileType = sourcecode.swift; path = MainService.swift; sourceTree = "<group>"; };
		80D8EA96269CEB0E003BAA18 /* UIViewController+loadFromStoryboard.swift */ = {isa = PBXFileReference; lastKnownFileType = sourcecode.swift; path = "UIViewController+loadFromStoryboard.swift"; sourceTree = "<group>"; };
		80D8EA9A269CEBF2003BAA18 /* ViewTasksPresenter.swift */ = {isa = PBXFileReference; lastKnownFileType = sourcecode.swift; path = ViewTasksPresenter.swift; sourceTree = "<group>"; };
		80D8EA9B269CEBF2003BAA18 /* ViewTasksWorker.swift */ = {isa = PBXFileReference; lastKnownFileType = sourcecode.swift; path = ViewTasksWorker.swift; sourceTree = "<group>"; };
		80D8EA9D269CEBF2003BAA18 /* ViewTasksModels.swift */ = {isa = PBXFileReference; lastKnownFileType = sourcecode.swift; path = ViewTasksModels.swift; sourceTree = "<group>"; };
		80D8EA9E269CEBF2003BAA18 /* ViewTasksViewController.swift */ = {isa = PBXFileReference; lastKnownFileType = sourcecode.swift; path = ViewTasksViewController.swift; sourceTree = "<group>"; };
		80D8EA9F269CEBF2003BAA18 /* ViewTasksInteractor.swift */ = {isa = PBXFileReference; lastKnownFileType = sourcecode.swift; path = ViewTasksInteractor.swift; sourceTree = "<group>"; };
		80D8EAA6269CEFD8003BAA18 /* String+subscript.swift */ = {isa = PBXFileReference; lastKnownFileType = sourcecode.swift; path = "String+subscript.swift"; sourceTree = "<group>"; };
		80D8EAA826A0630E003BAA18 /* AuthorizePresentationController.swift */ = {isa = PBXFileReference; lastKnownFileType = sourcecode.swift; path = AuthorizePresentationController.swift; sourceTree = "<group>"; };
		80D8EAAA26A06449003BAA18 /* AuthorizeView.xib */ = {isa = PBXFileReference; lastKnownFileType = file.xib; path = AuthorizeView.xib; sourceTree = "<group>"; };
		80D8EAAC26A06558003BAA18 /* UIVIewController+createVkButton.swift */ = {isa = PBXFileReference; lastKnownFileType = sourcecode.swift; path = "UIVIewController+createVkButton.swift"; sourceTree = "<group>"; };
		80D8EAAF26A06768003BAA18 /* UIViewController+createCommonButton.swift */ = {isa = PBXFileReference; lastKnownFileType = sourcecode.swift; path = "UIViewController+createCommonButton.swift"; sourceTree = "<group>"; };
		80D8EAB126A070DB003BAA18 /* AuthorizeView.swift */ = {isa = PBXFileReference; lastKnownFileType = sourcecode.swift; name = AuthorizeView.swift; path = ../../../../../AuthorizeView.swift; sourceTree = "<group>"; };
		80D8EAB426A07F47003BAA18 /* TitleView.swift */ = {isa = PBXFileReference; lastKnownFileType = sourcecode.swift; path = TitleView.swift; sourceTree = "<group>"; };
		80D8EAB626A07FBB003BAA18 /* WebImageView.swift */ = {isa = PBXFileReference; lastKnownFileType = sourcecode.swift; path = WebImageView.swift; sourceTree = "<group>"; };
		80D8EABA26A08068003BAA18 /* UiView+constraints.swift */ = {isa = PBXFileReference; lastKnownFileType = sourcecode.swift; path = "UiView+constraints.swift"; sourceTree = "<group>"; };
		80D8EAC026A1AF09003BAA18 /* Task.swift */ = {isa = PBXFileReference; lastKnownFileType = sourcecode.swift; path = Task.swift; sourceTree = "<group>"; };
		80D8EAC226A1C901003BAA18 /* ViewTasksViewController+tableView.swift */ = {isa = PBXFileReference; lastKnownFileType = sourcecode.swift; path = "ViewTasksViewController+tableView.swift"; sourceTree = "<group>"; };
		80D8EAC426A1C991003BAA18 /* TaskTableViewCell.swift */ = {isa = PBXFileReference; lastKnownFileType = sourcecode.swift; path = TaskTableViewCell.swift; sourceTree = "<group>"; };
		80D8EAC526A1C991003BAA18 /* TaskTableViewCell.xib */ = {isa = PBXFileReference; lastKnownFileType = file.xib; path = TaskTableViewCell.xib; sourceTree = "<group>"; };
		80D8EAC826A1D15A003BAA18 /* CreateTask.storyboard */ = {isa = PBXFileReference; lastKnownFileType = file.storyboard; path = CreateTask.storyboard; sourceTree = "<group>"; };
		80D8EACE26A34B0B003BAA18 /* UIViewController+NavigationBar.swift */ = {isa = PBXFileReference; lastKnownFileType = sourcecode.swift; path = "UIViewController+NavigationBar.swift"; sourceTree = "<group>"; };
		80D8EAD026A37319003BAA18 /* CreateTaskViewController+picker.swift */ = {isa = PBXFileReference; lastKnownFileType = sourcecode.swift; path = "CreateTaskViewController+picker.swift"; sourceTree = "<group>"; };
		F0EF73A27E966FF958D8F56F /* Pods-Task Magician.debug.xcconfig */ = {isa = PBXFileReference; includeInIndex = 1; lastKnownFileType = text.xcconfig; name = "Pods-Task Magician.debug.xcconfig"; path = "Target Support Files/Pods-Task Magician/Pods-Task Magician.debug.xcconfig"; sourceTree = "<group>"; };
/* End PBXFileReference section */

/* Begin PBXFrameworksBuildPhase section */
		805EB68E2699EB1D001CB66E /* Frameworks */ = {
			isa = PBXFrameworksBuildPhase;
			buildActionMask = 2147483647;
			files = (
				FD6B6D56F55B4D412B335455 /* Pods_Task_Magician.framework in Frameworks */,
			);
			runOnlyForDeploymentPostprocessing = 0;
		};
/* End PBXFrameworksBuildPhase section */

/* Begin PBXGroup section */
		6E5C82CBF068F3BB870AF196 /* Frameworks */ = {
			isa = PBXGroup;
			children = (
				35342C6F0B04FC3DE7DFA85B /* Pods_Task_Magician.framework */,
			);
			name = Frameworks;
			sourceTree = "<group>";
		};
		805EB6882699EB1D001CB66E = {
			isa = PBXGroup;
			children = (
				805EB6932699EB1D001CB66E /* Task Magician */,
				805EB6922699EB1D001CB66E /* Products */,
				B56AF1379D7FEB9047E45A2B /* Pods */,
				6E5C82CBF068F3BB870AF196 /* Frameworks */,
			);
			sourceTree = "<group>";
		};
		805EB6922699EB1D001CB66E /* Products */ = {
			isa = PBXGroup;
			children = (
				805EB6912699EB1D001CB66E /* Task Magician.app */,
			);
			name = Products;
			sourceTree = "<group>";
		};
		805EB6932699EB1D001CB66E /* Task Magician */ = {
			isa = PBXGroup;
			children = (
				80D8EA61269C4D6F003BAA18 /* Common */,
				80D8EA51269B01DB003BAA18 /* Scenes */,
				80D8EA95269CEACB003BAA18 /* Extensions */,
				805EB6942699EB1D001CB66E /* AppDelegate.swift */,
				805EB69D2699EB1E001CB66E /* Assets.xcassets */,
				805EB6A22699EB1E001CB66E /* Info.plist */,
			);
			path = "Task Magician";
			sourceTree = "<group>";
		};
		80AD138D26A59E55000BBCB3 /* SharedViews */ = {
			isa = PBXGroup;
			children = (
				80AD138E26A59E8C000BBCB3 /* SubtaskTableViewCell.swift */,
				80AD138F26A59E8C000BBCB3 /* SubtaskTableViewCell.xib */,
			);
			path = SharedViews;
			sourceTree = "<group>";
		};
		80D8EA51269B01DB003BAA18 /* Scenes */ = {
			isa = PBXGroup;
			children = (
				80D8EA85269CDB93003BAA18 /* ViewTasks */,
				80D8EA60269C4CBA003BAA18 /* AuthorizeUser */,
				80D8EA5F269C4CA6003BAA18 /* RegisterUser */,
				80D8EA52269B01E7003BAA18 /* CreateTask */,
			);
			path = Scenes;
			sourceTree = "<group>";
		};
		80D8EA52269B01E7003BAA18 /* CreateTask */ = {
			isa = PBXGroup;
			children = (
				80D8EA57269C47DC003BAA18 /* CreateTaskViewController.swift */,
				80D8EAC826A1D15A003BAA18 /* CreateTask.storyboard */,
			);
			path = CreateTask;
			sourceTree = "<group>";
		};
		80D8EA5F269C4CA6003BAA18 /* RegisterUser */ = {
			isa = PBXGroup;
			children = (
				80D8EA78269CA854003BAA18 /* RegisterUserWorker.swift */,
				80D8EA7A269CA854003BAA18 /* RegisterUserModels.swift */,
				80D8EA7B269CA854003BAA18 /* RegisterUserViewController.swift */,
				80D8EA7C269CA854003BAA18 /* RegisterUserInteractor.swift */,
				80D8EA83269CA88F003BAA18 /* RegisterUser.storyboard */,
			);
			path = RegisterUser;
			sourceTree = "<group>";
		};
		80D8EA60269C4CBA003BAA18 /* AuthorizeUser */ = {
			isa = PBXGroup;
			children = (
				80D8EA66269C6036003BAA18 /* AuthorizeUserWorker.swift */,
				80D8EA67269C6036003BAA18 /* AuthorizeUserRouter.swift */,
				80D8EA68269C6036003BAA18 /* AuthorizeUserModels.swift */,
				80D8EA69269C6036003BAA18 /* AuthorizeUserViewController.swift */,
				80D8EA6A269C6036003BAA18 /* AuthorizeUserInteractor.swift */,
				80D8EA71269C60B4003BAA18 /* AuthorizeUser.storyboard */,
				80D8EAA826A0630E003BAA18 /* AuthorizePresentationController.swift */,
				80D8EAAA26A06449003BAA18 /* AuthorizeView.xib */,
				80D8EAB126A070DB003BAA18 /* AuthorizeView.swift */,
			);
			path = AuthorizeUser;
			sourceTree = "<group>";
		};
		80D8EA61269C4D6F003BAA18 /* Common */ = {
			isa = PBXGroup;
			children = (
				80AD138D26A59E55000BBCB3 /* SharedViews */,
				80D8EABD26A18F1C003BAA18 /* RealmObjects */,
				80D8EA88269CDCAC003BAA18 /* Services */,
				80D8EA62269C4D76003BAA18 /* User */,
			);
			path = Common;
			sourceTree = "<group>";
		};
		80D8EA62269C4D76003BAA18 /* User */ = {
			isa = PBXGroup;
			children = (
				80D8EA8B269CDD88003BAA18 /* UserResponse.swift */,
			);
			path = User;
			sourceTree = "<group>";
		};
		80D8EA85269CDB93003BAA18 /* ViewTasks */ = {
			isa = PBXGroup;
			children = (
				80D8EABC26A0DF65003BAA18 /* Views */,
				80D8EA9A269CEBF2003BAA18 /* ViewTasksPresenter.swift */,
				80D8EA9B269CEBF2003BAA18 /* ViewTasksWorker.swift */,
				80D8EA9D269CEBF2003BAA18 /* ViewTasksModels.swift */,
				80D8EA9E269CEBF2003BAA18 /* ViewTasksViewController.swift */,
				80D8EA9F269CEBF2003BAA18 /* ViewTasksInteractor.swift */,
				80D8EA86269CDBAA003BAA18 /* ViewTasks.storyboard */,
			);
			path = ViewTasks;
			sourceTree = "<group>";
		};
		80D8EA88269CDCAC003BAA18 /* Services */ = {
			isa = PBXGroup;
			children = (
				80D8EA89269CDCC1003BAA18 /* API.swift */,
				80D8EA8D269CDDFE003BAA18 /* AuthService.swift */,
				80D8EA8F269CDEC0003BAA18 /* NetworkService.swift */,
				80D8EA91269CDF1F003BAA18 /* NetworkDataFetcher.swift */,
				80D8EA93269CE070003BAA18 /* MainService.swift */,
			);
			path = Services;
			sourceTree = "<group>";
		};
		80D8EA95269CEACB003BAA18 /* Extensions */ = {
			isa = PBXGroup;
			children = (
				80D8EA96269CEB0E003BAA18 /* UIViewController+loadFromStoryboard.swift */,
				80D8EAA6269CEFD8003BAA18 /* String+subscript.swift */,
				80D8EAAC26A06558003BAA18 /* UIVIewController+createVkButton.swift */,
				80D8EAAF26A06768003BAA18 /* UIViewController+createCommonButton.swift */,
				80D8EABA26A08068003BAA18 /* UiView+constraints.swift */,
				80D8EAC226A1C901003BAA18 /* ViewTasksViewController+tableView.swift */,
				80D8EACE26A34B0B003BAA18 /* UIViewController+NavigationBar.swift */,
				80D8EAD026A37319003BAA18 /* CreateTaskViewController+picker.swift */,
				80AD139226A5A4BC000BBCB3 /* CreateSubtaskViewController+tableView.swift */,
				80AD137D26A4444F000BBCB3 /* UITableViewCell+configureCommonLabels.swift */,
				80AD139426A5B41E000BBCB3 /* TaskTableViewCell+tableView.swift */,
			);
			path = Extensions;
			sourceTree = "<group>";
		};
		80D8EABC26A0DF65003BAA18 /* Views */ = {
			isa = PBXGroup;
			children = (
				80D8EAB426A07F47003BAA18 /* TitleView.swift */,
				80D8EAB626A07FBB003BAA18 /* WebImageView.swift */,
				80D8EAC426A1C991003BAA18 /* TaskTableViewCell.swift */,
				80D8EAC526A1C991003BAA18 /* TaskTableViewCell.xib */,
				80AD138326A49EC2000BBCB3 /* FilterView.swift */,
				80AD138426A49EC2000BBCB3 /* FilterView.xib */,
				80AD138726A4A107000BBCB3 /* FilterPresentationController.swift */,
			);
			path = Views;
			sourceTree = "<group>";
		};
		80D8EABD26A18F1C003BAA18 /* RealmObjects */ = {
			isa = PBXGroup;
			children = (
				80D8EA63269C4D84003BAA18 /* User.swift */,
				80D8EAC026A1AF09003BAA18 /* Task.swift */,
				80AD138926A589F5000BBCB3 /* Subtask.swift */,
			);
			path = RealmObjects;
			sourceTree = "<group>";
		};
		B56AF1379D7FEB9047E45A2B /* Pods */ = {
			isa = PBXGroup;
			children = (
				F0EF73A27E966FF958D8F56F /* Pods-Task Magician.debug.xcconfig */,
				56355EE69E4FD2945F5D4BC4 /* Pods-Task Magician.release.xcconfig */,
			);
			path = Pods;
			sourceTree = "<group>";
		};
/* End PBXGroup section */

/* Begin PBXNativeTarget section */
		805EB6902699EB1D001CB66E /* Task Magician */ = {
			isa = PBXNativeTarget;
			buildConfigurationList = 805EB6A52699EB1E001CB66E /* Build configuration list for PBXNativeTarget "Task Magician" */;
			buildPhases = (
				752BB3DB6B81E7F070118234 /* [CP] Check Pods Manifest.lock */,
				805EB6A82699ED05001CB66E /* ShellScript */,
				805EB68D2699EB1D001CB66E /* Sources */,
				805EB68E2699EB1D001CB66E /* Frameworks */,
				805EB68F2699EB1D001CB66E /* Resources */,
				07EBD0005DFE35FFED8BDAC1 /* [CP] Embed Pods Frameworks */,
			);
			buildRules = (
			);
			dependencies = (
			);
			name = "Task Magician";
			productName = "Task Magician";
			productReference = 805EB6912699EB1D001CB66E /* Task Magician.app */;
			productType = "com.apple.product-type.application";
		};
/* End PBXNativeTarget section */

/* Begin PBXProject section */
		805EB6892699EB1D001CB66E /* Project object */ = {
			isa = PBXProject;
			attributes = {
				LastSwiftUpdateCheck = 1250;
				LastUpgradeCheck = 1250;
				TargetAttributes = {
					805EB6902699EB1D001CB66E = {
						CreatedOnToolsVersion = 12.5.1;
					};
				};
			};
			buildConfigurationList = 805EB68C2699EB1D001CB66E /* Build configuration list for PBXProject "Task Magician" */;
			compatibilityVersion = "Xcode 9.3";
			developmentRegion = en;
			hasScannedForEncodings = 0;
			knownRegions = (
				en,
				Base,
			);
			mainGroup = 805EB6882699EB1D001CB66E;
			productRefGroup = 805EB6922699EB1D001CB66E /* Products */;
			projectDirPath = "";
			projectRoot = "";
			targets = (
				805EB6902699EB1D001CB66E /* Task Magician */,
			);
		};
/* End PBXProject section */

/* Begin PBXResourcesBuildPhase section */
		805EB68F2699EB1D001CB66E /* Resources */ = {
			isa = PBXResourcesBuildPhase;
			buildActionMask = 2147483647;
			files = (
				80AD138626A49EC2000BBCB3 /* FilterView.xib in Resources */,
				80AD139126A59E8C000BBCB3 /* SubtaskTableViewCell.xib in Resources */,
				80D8EAC726A1C991003BAA18 /* TaskTableViewCell.xib in Resources */,
				80D8EA87269CDBAA003BAA18 /* ViewTasks.storyboard in Resources */,
				80D8EA72269C60B4003BAA18 /* AuthorizeUser.storyboard in Resources */,
				80D8EAAB26A06449003BAA18 /* AuthorizeView.xib in Resources */,
				80D8EA84269CA88F003BAA18 /* RegisterUser.storyboard in Resources */,
				805EB69E2699EB1E001CB66E /* Assets.xcassets in Resources */,
				80D8EAC926A1D15A003BAA18 /* CreateTask.storyboard in Resources */,
			);
			runOnlyForDeploymentPostprocessing = 0;
		};
/* End PBXResourcesBuildPhase section */

/* Begin PBXShellScriptBuildPhase section */
		07EBD0005DFE35FFED8BDAC1 /* [CP] Embed Pods Frameworks */ = {
			isa = PBXShellScriptBuildPhase;
			buildActionMask = 2147483647;
			files = (
			);
			inputFileListPaths = (
				"${PODS_ROOT}/Target Support Files/Pods-Task Magician/Pods-Task Magician-frameworks-${CONFIGURATION}-input-files.xcfilelist",
			);
			name = "[CP] Embed Pods Frameworks";
			outputFileListPaths = (
				"${PODS_ROOT}/Target Support Files/Pods-Task Magician/Pods-Task Magician-frameworks-${CONFIGURATION}-output-files.xcfilelist",
			);
			runOnlyForDeploymentPostprocessing = 0;
			shellPath = /bin/sh;
			shellScript = "\"${PODS_ROOT}/Target Support Files/Pods-Task Magician/Pods-Task Magician-frameworks.sh\"\n";
			showEnvVarsInLog = 0;
		};
		752BB3DB6B81E7F070118234 /* [CP] Check Pods Manifest.lock */ = {
			isa = PBXShellScriptBuildPhase;
			buildActionMask = 2147483647;
			files = (
			);
			inputFileListPaths = (
			);
			inputPaths = (
				"${PODS_PODFILE_DIR_PATH}/Podfile.lock",
				"${PODS_ROOT}/Manifest.lock",
			);
			name = "[CP] Check Pods Manifest.lock";
			outputFileListPaths = (
			);
			outputPaths = (
				"$(DERIVED_FILE_DIR)/Pods-Task Magician-checkManifestLockResult.txt",
			);
			runOnlyForDeploymentPostprocessing = 0;
			shellPath = /bin/sh;
			shellScript = "diff \"${PODS_PODFILE_DIR_PATH}/Podfile.lock\" \"${PODS_ROOT}/Manifest.lock\" > /dev/null\nif [ $? != 0 ] ; then\n    # print error to STDERR\n    echo \"error: The sandbox is not in sync with the Podfile.lock. Run 'pod install' or update your CocoaPods installation.\" >&2\n    exit 1\nfi\n# This output is used by Xcode 'outputs' to avoid re-running this script phase.\necho \"SUCCESS\" > \"${SCRIPT_OUTPUT_FILE_0}\"\n";
			showEnvVarsInLog = 0;
		};
		805EB6A82699ED05001CB66E /* ShellScript */ = {
			isa = PBXShellScriptBuildPhase;
			buildActionMask = 2147483647;
			files = (
			);
			inputFileListPaths = (
			);
			inputPaths = (
			);
			outputFileListPaths = (
			);
			outputPaths = (
			);
			runOnlyForDeploymentPostprocessing = 0;
			shellPath = /bin/sh;
			shellScript = "\"${PODS_ROOT}/SwiftLint/swiftlint\"\n";
		};
/* End PBXShellScriptBuildPhase section */

/* Begin PBXSourcesBuildPhase section */
		805EB68D2699EB1D001CB66E /* Sources */ = {
			isa = PBXSourcesBuildPhase;
			buildActionMask = 2147483647;
			files = (
				80D8EA6D269C6036003BAA18 /* AuthorizeUserRouter.swift in Sources */,
				80D8EA80269CA854003BAA18 /* RegisterUserModels.swift in Sources */,
				80D8EAA5269CEBF2003BAA18 /* ViewTasksInteractor.swift in Sources */,
				80D8EA6E269C6036003BAA18 /* AuthorizeUserModels.swift in Sources */,
				80AD139326A5A4BC000BBCB3 /* CreateSubtaskViewController+tableView.swift in Sources */,
				80D8EAA7269CEFD8003BAA18 /* String+subscript.swift in Sources */,
				80D8EAA926A0630E003BAA18 /* AuthorizePresentationController.swift in Sources */,
				80D8EAA0269CEBF2003BAA18 /* ViewTasksPresenter.swift in Sources */,
				80D8EAB026A06768003BAA18 /* UIViewController+createCommonButton.swift in Sources */,
				80D8EA8E269CDDFE003BAA18 /* AuthService.swift in Sources */,
				805EB6952699EB1D001CB66E /* AppDelegate.swift in Sources */,
				80D8EA97269CEB0E003BAA18 /* UIViewController+loadFromStoryboard.swift in Sources */,
				80AD139526A5B41E000BBCB3 /* TaskTableViewCell+tableView.swift in Sources */,
				80D8EAC626A1C991003BAA18 /* TaskTableViewCell.swift in Sources */,
				80AD137E26A4444F000BBCB3 /* UITableViewCell+configureCommonLabels.swift in Sources */,
				80AD138A26A589F5000BBCB3 /* Subtask.swift in Sources */,
				80D8EAC326A1C901003BAA18 /* ViewTasksViewController+tableView.swift in Sources */,
				80D8EAA1269CEBF2003BAA18 /* ViewTasksWorker.swift in Sources */,
				80D8EA81269CA854003BAA18 /* RegisterUserViewController.swift in Sources */,
				80D8EA8C269CDD88003BAA18 /* UserResponse.swift in Sources */,
				80D8EAD126A37319003BAA18 /* CreateTaskViewController+picker.swift in Sources */,
				80D8EAB226A070DB003BAA18 /* AuthorizeView.swift in Sources */,
				80D8EA94269CE070003BAA18 /* MainService.swift in Sources */,
				80D8EABB26A08068003BAA18 /* UiView+constraints.swift in Sources */,
				80D8EAB726A07FBB003BAA18 /* WebImageView.swift in Sources */,
				80D8EA92269CDF1F003BAA18 /* NetworkDataFetcher.swift in Sources */,
				80D8EAA4269CEBF2003BAA18 /* ViewTasksViewController.swift in Sources */,
				80AD139026A59E8C000BBCB3 /* SubtaskTableViewCell.swift in Sources */,
				80D8EA7E269CA854003BAA18 /* RegisterUserWorker.swift in Sources */,
				80D8EACF26A34B0B003BAA18 /* UIViewController+NavigationBar.swift in Sources */,
				80D8EA8A269CDCC1003BAA18 /* API.swift in Sources */,
				80AD138526A49EC2000BBCB3 /* FilterView.swift in Sources */,
				80D8EA6C269C6036003BAA18 /* AuthorizeUserWorker.swift in Sources */,
				80D8EA82269CA854003BAA18 /* RegisterUserInteractor.swift in Sources */,
				80D8EAAD26A06558003BAA18 /* UIVIewController+createVkButton.swift in Sources */,
				80D8EAC126A1AF09003BAA18 /* Task.swift in Sources */,
				80D8EA6F269C6036003BAA18 /* AuthorizeUserViewController.swift in Sources */,
				80D8EA70269C6036003BAA18 /* AuthorizeUserInteractor.swift in Sources */,
				80D8EA64269C4D84003BAA18 /* User.swift in Sources */,
				80D8EA90269CDEC0003BAA18 /* NetworkService.swift in Sources */,
				80D8EA5D269C47DC003BAA18 /* CreateTaskViewController.swift in Sources */,
				80D8EAA3269CEBF2003BAA18 /* ViewTasksModels.swift in Sources */,
				80D8EAB526A07F47003BAA18 /* TitleView.swift in Sources */,
				80AD138826A4A107000BBCB3 /* FilterPresentationController.swift in Sources */,
			);
			runOnlyForDeploymentPostprocessing = 0;
		};
/* End PBXSourcesBuildPhase section */

/* Begin XCBuildConfiguration section */
		805EB6A32699EB1E001CB66E /* Debug */ = {
			isa = XCBuildConfiguration;
			buildSettings = {
				ALWAYS_SEARCH_USER_PATHS = NO;
				CLANG_ANALYZER_NONNULL = YES;
				CLANG_ANALYZER_NUMBER_OBJECT_CONVERSION = YES_AGGRESSIVE;
				CLANG_CXX_LANGUAGE_STANDARD = "gnu++14";
				CLANG_CXX_LIBRARY = "libc++";
				CLANG_ENABLE_MODULES = YES;
				CLANG_ENABLE_OBJC_ARC = YES;
				CLANG_ENABLE_OBJC_WEAK = YES;
				CLANG_WARN_BLOCK_CAPTURE_AUTORELEASING = YES;
				CLANG_WARN_BOOL_CONVERSION = YES;
				CLANG_WARN_COMMA = YES;
				CLANG_WARN_CONSTANT_CONVERSION = YES;
				CLANG_WARN_DEPRECATED_OBJC_IMPLEMENTATIONS = YES;
				CLANG_WARN_DIRECT_OBJC_ISA_USAGE = YES_ERROR;
				CLANG_WARN_DOCUMENTATION_COMMENTS = YES;
				CLANG_WARN_EMPTY_BODY = YES;
				CLANG_WARN_ENUM_CONVERSION = YES;
				CLANG_WARN_INFINITE_RECURSION = YES;
				CLANG_WARN_INT_CONVERSION = YES;
				CLANG_WARN_NON_LITERAL_NULL_CONVERSION = YES;
				CLANG_WARN_OBJC_IMPLICIT_RETAIN_SELF = YES;
				CLANG_WARN_OBJC_LITERAL_CONVERSION = YES;
				CLANG_WARN_OBJC_ROOT_CLASS = YES_ERROR;
				CLANG_WARN_QUOTED_INCLUDE_IN_FRAMEWORK_HEADER = YES;
				CLANG_WARN_RANGE_LOOP_ANALYSIS = YES;
				CLANG_WARN_STRICT_PROTOTYPES = YES;
				CLANG_WARN_SUSPICIOUS_MOVE = YES;
				CLANG_WARN_UNGUARDED_AVAILABILITY = YES_AGGRESSIVE;
				CLANG_WARN_UNREACHABLE_CODE = YES;
				CLANG_WARN__DUPLICATE_METHOD_MATCH = YES;
				COPY_PHASE_STRIP = NO;
				DEBUG_INFORMATION_FORMAT = dwarf;
				ENABLE_STRICT_OBJC_MSGSEND = YES;
				ENABLE_TESTABILITY = YES;
				GCC_C_LANGUAGE_STANDARD = gnu11;
				GCC_DYNAMIC_NO_PIC = NO;
				GCC_NO_COMMON_BLOCKS = YES;
				GCC_OPTIMIZATION_LEVEL = 0;
				GCC_PREPROCESSOR_DEFINITIONS = (
					"DEBUG=1",
					"$(inherited)",
				);
				GCC_WARN_64_TO_32_BIT_CONVERSION = YES;
				GCC_WARN_ABOUT_RETURN_TYPE = YES_ERROR;
				GCC_WARN_UNDECLARED_SELECTOR = YES;
				GCC_WARN_UNINITIALIZED_AUTOS = YES_AGGRESSIVE;
				GCC_WARN_UNUSED_FUNCTION = YES;
				GCC_WARN_UNUSED_VARIABLE = YES;
				IPHONEOS_DEPLOYMENT_TARGET = 14.5;
				MTL_ENABLE_DEBUG_INFO = INCLUDE_SOURCE;
				MTL_FAST_MATH = YES;
				ONLY_ACTIVE_ARCH = YES;
				SDKROOT = iphoneos;
				SWIFT_ACTIVE_COMPILATION_CONDITIONS = DEBUG;
				SWIFT_OPTIMIZATION_LEVEL = "-Onone";
			};
			name = Debug;
		};
		805EB6A42699EB1E001CB66E /* Release */ = {
			isa = XCBuildConfiguration;
			buildSettings = {
				ALWAYS_SEARCH_USER_PATHS = NO;
				CLANG_ANALYZER_NONNULL = YES;
				CLANG_ANALYZER_NUMBER_OBJECT_CONVERSION = YES_AGGRESSIVE;
				CLANG_CXX_LANGUAGE_STANDARD = "gnu++14";
				CLANG_CXX_LIBRARY = "libc++";
				CLANG_ENABLE_MODULES = YES;
				CLANG_ENABLE_OBJC_ARC = YES;
				CLANG_ENABLE_OBJC_WEAK = YES;
				CLANG_WARN_BLOCK_CAPTURE_AUTORELEASING = YES;
				CLANG_WARN_BOOL_CONVERSION = YES;
				CLANG_WARN_COMMA = YES;
				CLANG_WARN_CONSTANT_CONVERSION = YES;
				CLANG_WARN_DEPRECATED_OBJC_IMPLEMENTATIONS = YES;
				CLANG_WARN_DIRECT_OBJC_ISA_USAGE = YES_ERROR;
				CLANG_WARN_DOCUMENTATION_COMMENTS = YES;
				CLANG_WARN_EMPTY_BODY = YES;
				CLANG_WARN_ENUM_CONVERSION = YES;
				CLANG_WARN_INFINITE_RECURSION = YES;
				CLANG_WARN_INT_CONVERSION = YES;
				CLANG_WARN_NON_LITERAL_NULL_CONVERSION = YES;
				CLANG_WARN_OBJC_IMPLICIT_RETAIN_SELF = YES;
				CLANG_WARN_OBJC_LITERAL_CONVERSION = YES;
				CLANG_WARN_OBJC_ROOT_CLASS = YES_ERROR;
				CLANG_WARN_QUOTED_INCLUDE_IN_FRAMEWORK_HEADER = YES;
				CLANG_WARN_RANGE_LOOP_ANALYSIS = YES;
				CLANG_WARN_STRICT_PROTOTYPES = YES;
				CLANG_WARN_SUSPICIOUS_MOVE = YES;
				CLANG_WARN_UNGUARDED_AVAILABILITY = YES_AGGRESSIVE;
				CLANG_WARN_UNREACHABLE_CODE = YES;
				CLANG_WARN__DUPLICATE_METHOD_MATCH = YES;
				COPY_PHASE_STRIP = NO;
				DEBUG_INFORMATION_FORMAT = "dwarf-with-dsym";
				ENABLE_NS_ASSERTIONS = NO;
				ENABLE_STRICT_OBJC_MSGSEND = YES;
				GCC_C_LANGUAGE_STANDARD = gnu11;
				GCC_NO_COMMON_BLOCKS = YES;
				GCC_WARN_64_TO_32_BIT_CONVERSION = YES;
				GCC_WARN_ABOUT_RETURN_TYPE = YES_ERROR;
				GCC_WARN_UNDECLARED_SELECTOR = YES;
				GCC_WARN_UNINITIALIZED_AUTOS = YES_AGGRESSIVE;
				GCC_WARN_UNUSED_FUNCTION = YES;
				GCC_WARN_UNUSED_VARIABLE = YES;
				IPHONEOS_DEPLOYMENT_TARGET = 14.5;
				MTL_ENABLE_DEBUG_INFO = NO;
				MTL_FAST_MATH = YES;
				SDKROOT = iphoneos;
				SWIFT_COMPILATION_MODE = wholemodule;
				SWIFT_OPTIMIZATION_LEVEL = "-O";
				VALIDATE_PRODUCT = YES;
			};
			name = Release;
		};
		805EB6A62699EB1E001CB66E /* Debug */ = {
			isa = XCBuildConfiguration;
			baseConfigurationReference = F0EF73A27E966FF958D8F56F /* Pods-Task Magician.debug.xcconfig */;
			buildSettings = {
				ASSETCATALOG_COMPILER_APPICON_NAME = AppIcon;
				ASSETCATALOG_COMPILER_GLOBAL_ACCENT_COLOR_NAME = AccentColor;
				CODE_SIGN_STYLE = Automatic;
				DEVELOPMENT_TEAM = 3RHMKD77C8;
				INFOPLIST_FILE = "Task Magician/Info.plist";
				LD_RUNPATH_SEARCH_PATHS = (
					"$(inherited)",
					"@executable_path/Frameworks",
				);
				PRODUCT_BUNDLE_IDENTIFIER = "com.just-terror.Task-Magician";
				PRODUCT_NAME = "$(TARGET_NAME)";
				SWIFT_VERSION = 5.0;
				TARGETED_DEVICE_FAMILY = "1,2";
			};
			name = Debug;
		};
		805EB6A72699EB1E001CB66E /* Release */ = {
			isa = XCBuildConfiguration;
			baseConfigurationReference = 56355EE69E4FD2945F5D4BC4 /* Pods-Task Magician.release.xcconfig */;
			buildSettings = {
				ASSETCATALOG_COMPILER_APPICON_NAME = AppIcon;
				ASSETCATALOG_COMPILER_GLOBAL_ACCENT_COLOR_NAME = AccentColor;
				CODE_SIGN_STYLE = Automatic;
				DEVELOPMENT_TEAM = 3RHMKD77C8;
				INFOPLIST_FILE = "Task Magician/Info.plist";
				LD_RUNPATH_SEARCH_PATHS = (
					"$(inherited)",
					"@executable_path/Frameworks",
				);
				PRODUCT_BUNDLE_IDENTIFIER = "com.just-terror.Task-Magician";
				PRODUCT_NAME = "$(TARGET_NAME)";
				SWIFT_VERSION = 5.0;
				TARGETED_DEVICE_FAMILY = "1,2";
			};
			name = Release;
		};
/* End XCBuildConfiguration section */

/* Begin XCConfigurationList section */
		805EB68C2699EB1D001CB66E /* Build configuration list for PBXProject "Task Magician" */ = {
			isa = XCConfigurationList;
			buildConfigurations = (
				805EB6A32699EB1E001CB66E /* Debug */,
				805EB6A42699EB1E001CB66E /* Release */,
			);
			defaultConfigurationIsVisible = 0;
			defaultConfigurationName = Release;
		};
		805EB6A52699EB1E001CB66E /* Build configuration list for PBXNativeTarget "Task Magician" */ = {
			isa = XCConfigurationList;
			buildConfigurations = (
				805EB6A62699EB1E001CB66E /* Debug */,
				805EB6A72699EB1E001CB66E /* Release */,
			);
			defaultConfigurationIsVisible = 0;
			defaultConfigurationName = Release;
		};
/* End XCConfigurationList section */
	};
	rootObject = 805EB6892699EB1D001CB66E /* Project object */;
}
